
Microsoft Visual Studio Solution File, Format Version 12.00
# Visual Studio Version 16
VisualStudioVersion = 16.0.32901.82
MinimumVisualStudioVersion = 10.0.40219.1
Project("{FAE04EC0-301F-11D3-BF4B-00C04F79EFBC}") = "CSLOXProj", "CSLOXProj\CSLOXProj.csproj", "{00C4AF46-A3FD-40B1-A895-25F2BB490114}"
EndProject
Global
	GlobalSection(SolutionConfigurationPlatforms) = preSolution
		Debug|Any CPU = Debug|Any CPU
		Release|Any CPU = Release|Any CPU
	EndGlobalSection
	GlobalSection(ProjectConfigurationPlatforms) = postSolution
		{00C4AF46-A3FD-40B1-A895-25F2BB490114}.Debug|Any CPU.ActiveCfg = Debug|Any CPU
		{00C4AF46-A3FD-40B1-A895-25F2BB490114}.Debug|Any CPU.Build.0 = Debug|Any CPU
		{00C4AF46-A3FD-40B1-A895-25F2BB490114}.Release|Any CPU.ActiveCfg = Release|Any CPU
		{00C4AF46-A3FD-40B1-A895-25F2BB490114}.Release|Any CPU.Build.0 = Release|Any CPU
	EndGlobalSection
	GlobalSection(SolutionProperties) = preSolution
		HideSolutionNode = FALSE
	EndGlobalSection
	GlobalSection(ExtensibilityGlobals) = postSolution
		SolutionGuid = {C5B822E5-4829-4CD8-A2B5-F4036E1AD09F}
	EndGlobalSection
EndGlobal
